<?xml version="1.0" encoding="utf-8"?>
<Project ToolsVersion="4.0" xmlns="http://schemas.microsoft.com/developer/msbuild/2003">
  <ItemGroup>
    <ClCompile Include="src\ofApp.cpp">
      <Filter>src</Filter>
    </ClCompile>
    <ClCompile Include="src\main.cpp">
      <Filter>src</Filter>
    </ClCompile>
    <ClCompile Include="src\main.cpp">
      <Filter>src</Filter>
    </ClCompile>
    <ClCompile Include="src\ofApp.cpp">
      <Filter>src</Filter>
    </ClCompile>
    <ClCompile Include="..\..\..\addons\ofxBmFFT\src\arithmetic.cpp">
      <Filter>addons\ofxBmFFT\src</Filter>
    </ClCompile>
    <ClCompile Include="..\..\..\addons\ofxBmFFT\src\bmFFT.cpp">
      <Filter>addons\ofxBmFFT\src</Filter>
    </ClCompile>
    <ClCompile Include="..\..\..\addons\ofxLibsndfileRecorder\src\ofxLibsndFileRecorder.cpp">
      <Filter>addons\ofxLibsndfileRecorder\src</Filter>
    </ClCompile>
    <ClCompile Include="..\..\..\addons\ofxOsc\src\ofxOscBundle.cpp">
      <Filter>addons\ofxOsc\src</Filter>
    </ClCompile>
    <ClCompile Include="..\..\..\addons\ofxOsc\src\ofxOscMessage.cpp">
      <Filter>addons\ofxOsc\src</Filter>
    </ClCompile>
    <ClCompile Include="..\..\..\addons\ofxOsc\src\ofxOscParameterSync.cpp">
      <Filter>addons\ofxOsc\src</Filter>
    </ClCompile>
    <ClCompile Include="..\..\..\addons\ofxOsc\src\ofxOscReceiver.cpp">
      <Filter>addons\ofxOsc\src</Filter>
    </ClCompile>
    <ClCompile Include="..\..\..\addons\ofxOsc\src\ofxOscSender.cpp">
      <Filter>addons\ofxOsc\src</Filter>
    </ClCompile>
    <ClCompile Include="..\..\..\addons\ofxOsc\libs\oscpack\src\ip\IpEndpointName.cpp">
      <Filter>addons\ofxOsc\libs\oscpack\src\ip</Filter>
    </ClCompile>
    <ClCompile Include="..\..\..\addons\ofxOsc\libs\oscpack\src\ip\win32\NetworkingUtils.cpp">
      <Filter>addons\ofxOsc\libs\oscpack\src\ip\win32</Filter>
    </ClCompile>
    <ClCompile Include="..\..\..\addons\ofxOsc\libs\oscpack\src\ip\win32\UdpSocket.cpp">
      <Filter>addons\ofxOsc\libs\oscpack\src\ip\win32</Filter>
    </ClCompile>
    <ClCompile Include="..\..\..\addons\ofxOsc\libs\oscpack\src\osc\OscOutboundPacketStream.cpp">
      <Filter>addons\ofxOsc\libs\oscpack\src\osc</Filter>
    </ClCompile>
    <ClCompile Include="..\..\..\addons\ofxOsc\libs\oscpack\src\osc\OscPrintReceivedElements.cpp">
      <Filter>addons\ofxOsc\libs\oscpack\src\osc</Filter>
    </ClCompile>
    <ClCompile Include="..\..\..\addons\ofxOsc\libs\oscpack\src\osc\OscReceivedElements.cpp">
      <Filter>addons\ofxOsc\libs\oscpack\src\osc</Filter>
    </ClCompile>
    <ClCompile Include="..\..\..\addons\ofxOsc\libs\oscpack\src\osc\OscTypes.cpp">
      <Filter>addons\ofxOsc\libs\oscpack\src\osc</Filter>
    </ClCompile>
    <ClCompile Include="..\..\..\addons\ofxTrueTypeFontUC\src\ofxTrueTypeFontUC.cpp">
      <Filter>addons\ofxTrueTypeFontUC\src</Filter>
    </ClCompile>
    <ClCompile Include="..\..\..\addons\ofxXmlSettings\src\ofxXmlSettings.cpp">
      <Filter>addons\ofxXmlSettings\src</Filter>
    </ClCompile>
    <ClCompile Include="..\..\..\addons\ofxXmlSettings\libs\tinyxml.cpp">
      <Filter>addons\ofxXmlSettings\libs</Filter>
    </ClCompile>
    <ClCompile Include="..\..\..\addons\ofxXmlSettings\libs\tinyxmlerror.cpp">
      <Filter>addons\ofxXmlSettings\libs</Filter>
    </ClCompile>
    <ClCompile Include="..\..\..\addons\ofxXmlSettings\libs\tinyxmlparser.cpp">
      <Filter>addons\ofxXmlSettings\libs</Filter>
    </ClCompile>
    <ClCompile Include="src\SceneBase.cpp">
      <Filter>src\scene\basic</Filter>
    </ClCompile>
    <ClCompile Include="..\..\..\addons\ofxSQLite\src\ofxSQLiteDelete.cpp">
      <Filter>addons\ofxSQLite</Filter>
    </ClCompile>
    <ClCompile Include="..\..\..\addons\ofxSQLite\src\ofxSQLiteFieldValues.cpp">
      <Filter>addons\ofxSQLite</Filter>
    </ClCompile>
    <ClCompile Include="..\..\..\addons\ofxSQLite\src\ofxSQLiteInsert.cpp">
      <Filter>addons\ofxSQLite</Filter>
    </ClCompile>
    <ClCompile Include="..\..\..\addons\ofxSQLite\src\ofxSQLiteSelect.cpp">
      <Filter>addons\ofxSQLite</Filter>
    </ClCompile>
    <ClCompile Include="..\..\..\addons\ofxSQLite\src\ofxSQLiteSimpler.cpp">
      <Filter>addons\ofxSQLite</Filter>
    </ClCompile>
    <ClCompile Include="..\..\..\addons\ofxSQLite\src\ofxSQLiteUpdate.cpp">
      <Filter>addons\ofxSQLite</Filter>
    </ClCompile>
    <ClCompile Include="..\..\..\addons\ofxSQLite\src\ofxSQLite.cpp">
      <Filter>addons\ofxSQLite</Filter>
    </ClCompile>
    <ClCompile Include="..\..\..\addons\ofxSQLite\src\ofxSQLiteAbstract.cpp">
      <Filter>addons\ofxSQLite</Filter>
    </ClCompile>
    <ClCompile Include="src\keyboard\PKeyboard.cpp">
      <Filter>src\keyboard</Filter>
    </ClCompile>
  </ItemGroup>
  <ItemGroup>
    <Filter Include="src">
      <UniqueIdentifier>{d8376475-7454-4a24-b08a-aac121d3ad6f}</UniqueIdentifier>
    </Filter>
    <Filter Include="addons">
      <UniqueIdentifier>{71834F65-F3A9-211E-73B8-DC85}</UniqueIdentifier>
    </Filter>
    <Filter Include="addons\ofxBmFFT">
      <UniqueIdentifier>{A0E045DC-6A65-AE39-E29D-448E}</UniqueIdentifier>
    </Filter>
    <Filter Include="addons\ofxBmFFT\src">
      <UniqueIdentifier>{C92E7AA1-2ED5-F624-2536-8D11}</UniqueIdentifier>
    </Filter>
    <Filter Include="addons\ofxLibsndfileRecorder">
      <UniqueIdentifier>{2EC53556-E7AF-85B0-272D-FF01}</UniqueIdentifier>
    </Filter>
    <Filter Include="addons\ofxLibsndfileRecorder\src">
      <UniqueIdentifier>{A6CC2AB5-3FFD-F488-E47F-1F49}</UniqueIdentifier>
    </Filter>
    <Filter Include="addons\ofxLibsndfileRecorder\libs">
      <UniqueIdentifier>{9EFEC89D-C036-EDDA-7487-C54D}</UniqueIdentifier>
    </Filter>
    <Filter Include="addons\ofxLibsndfileRecorder\libs\libsndfile">
      <UniqueIdentifier>{D1B8765C-30A9-BD80-7640-5636}</UniqueIdentifier>
    </Filter>
    <Filter Include="addons\ofxLibsndfileRecorder\libs\libsndfile\include">
      <UniqueIdentifier>{4B1806AB-2F31-0312-B95A-3FB5}</UniqueIdentifier>
    </Filter>
    <Filter Include="addons\ofxOsc">
      <UniqueIdentifier>{D91DCA33-6E5D-4481-2AEC-9FBB}</UniqueIdentifier>
    </Filter>
    <Filter Include="addons\ofxOsc\src">
      <UniqueIdentifier>{B9DD339A-D93D-92A1-0A2F-4B41}</UniqueIdentifier>
    </Filter>
    <Filter Include="addons\ofxOsc\libs">
      <UniqueIdentifier>{99ECA1D9-873F-4622-8FC0-FC7B}</UniqueIdentifier>
    </Filter>
    <Filter Include="addons\ofxOsc\libs\oscpack">
      <UniqueIdentifier>{D3A98534-1602-4FEF-57A6-6593}</UniqueIdentifier>
    </Filter>
    <Filter Include="addons\ofxOsc\libs\oscpack\src">
      <UniqueIdentifier>{BFB5BB47-98C8-BBCB-3066-1046}</UniqueIdentifier>
    </Filter>
    <Filter Include="addons\ofxOsc\libs\oscpack\src\ip">
      <UniqueIdentifier>{5A029128-EB41-95C5-CBC0-CDED}</UniqueIdentifier>
    </Filter>
    <Filter Include="addons\ofxOsc\libs\oscpack\src\ip\win32">
      <UniqueIdentifier>{79DFDFE2-400B-8654-3675-01A3}</UniqueIdentifier>
    </Filter>
    <Filter Include="addons\ofxOsc\libs\oscpack\src\osc">
      <UniqueIdentifier>{EDACB89C-9768-9551-4D41-B590}</UniqueIdentifier>
    </Filter>
    <Filter Include="addons\ofxTrueTypeFontUC">
      <UniqueIdentifier>{5652952C-1675-EFF8-8E62-5D8C}</UniqueIdentifier>
    </Filter>
    <Filter Include="addons\ofxTrueTypeFontUC\src">
      <UniqueIdentifier>{7E369600-03BF-EEFC-FA92-F38A}</UniqueIdentifier>
    </Filter>
    <Filter Include="addons\ofxXmlSettings">
      <UniqueIdentifier>{877F005D-13E6-0592-1D97-F2E3}</UniqueIdentifier>
    </Filter>
    <Filter Include="addons\ofxXmlSettings\src">
      <UniqueIdentifier>{CCB2AC63-49D2-977C-CFE8-AEAD}</UniqueIdentifier>
    </Filter>
    <Filter Include="addons\ofxXmlSettings\libs">
      <UniqueIdentifier>{687714A8-1662-FA1C-261F-50F0}</UniqueIdentifier>
    </Filter>
    <Filter Include="src\scene">
      <UniqueIdentifier>{eb4e6208-37d3-4888-a427-2fabffe3b27e}</UniqueIdentifier>
    </Filter>
    <Filter Include="src\util">
      <UniqueIdentifier>{585eeea5-d7fa-4c6f-94ce-3c200f65e0d4}</UniqueIdentifier>
    </Filter>
    <Filter Include="src\scene\basic">
      <UniqueIdentifier>{c2cfac4a-cbe5-456f-b5dc-5f0fc541b30a}</UniqueIdentifier>
    </Filter>
    <Filter Include="src\keyboard">
      <UniqueIdentifier>{6de50585-d59f-4747-b64f-02a3931da1c9}</UniqueIdentifier>
    </Filter>
    <Filter Include="addons\ofxSQLite">
      <UniqueIdentifier>{3034bf69-8818-46ab-bd5d-e1d4a3c00130}</UniqueIdentifier>
    </Filter>
  </ItemGroup>
  <ItemGroup>
    <ClInclude Include="src\ofApp.h">
      <Filter>src</Filter>
    </ClInclude>
    <ClInclude Include="src\ofApp.h">
      <Filter>src</Filter>
    </ClInclude>
    <ClInclude Include="..\..\..\addons\ofxBmFFT\src\arithmetic.h">
      <Filter>addons\ofxBmFFT\src</Filter>
    </ClInclude>
    <ClInclude Include="..\..\..\addons\ofxBmFFT\src\bmFFT.h">
      <Filter>addons\ofxBmFFT\src</Filter>
    </ClInclude>
    <ClInclude Include="..\..\..\addons\ofxBmFFT\src\logic.h">
      <Filter>addons\ofxBmFFT\src</Filter>
    </ClInclude>
    <ClInclude Include="..\..\..\addons\ofxBmFFT\src\meta.h">
      <Filter>addons\ofxBmFFT\src</Filter>
    </ClInclude>
    <ClInclude Include="..\..\..\addons\ofxLibsndfileRecorder\src\ofxLibsndFileRecorder.h">
      <Filter>addons\ofxLibsndfileRecorder\src</Filter>
    </ClInclude>
    <ClInclude Include="..\..\..\addons\ofxLibsndfileRecorder\libs\libsndfile\include\sndfile.h">
      <Filter>addons\ofxLibsndfileRecorder\libs\libsndfile\include</Filter>
    </ClInclude>
    <ClInclude Include="..\..\..\addons\ofxOsc\src\ofxOsc.h">
      <Filter>addons\ofxOsc\src</Filter>
    </ClInclude>
    <ClInclude Include="..\..\..\addons\ofxOsc\src\ofxOscArg.h">
      <Filter>addons\ofxOsc\src</Filter>
    </ClInclude>
    <ClInclude Include="..\..\..\addons\ofxOsc\src\ofxOscBundle.h">
      <Filter>addons\ofxOsc\src</Filter>
    </ClInclude>
    <ClInclude Include="..\..\..\addons\ofxOsc\src\ofxOscMessage.h">
      <Filter>addons\ofxOsc\src</Filter>
    </ClInclude>
    <ClInclude Include="..\..\..\addons\ofxOsc\src\ofxOscParameterSync.h">
      <Filter>addons\ofxOsc\src</Filter>
    </ClInclude>
    <ClInclude Include="..\..\..\addons\ofxOsc\src\ofxOscReceiver.h">
      <Filter>addons\ofxOsc\src</Filter>
    </ClInclude>
    <ClInclude Include="..\..\..\addons\ofxOsc\src\ofxOscSender.h">
      <Filter>addons\ofxOsc\src</Filter>
    </ClInclude>
    <ClInclude Include="..\..\..\addons\ofxOsc\libs\oscpack\src\ip\IpEndpointName.h">
      <Filter>addons\ofxOsc\libs\oscpack\src\ip</Filter>
    </ClInclude>
    <ClInclude Include="..\..\..\addons\ofxOsc\libs\oscpack\src\ip\NetworkingUtils.h">
      <Filter>addons\ofxOsc\libs\oscpack\src\ip</Filter>
    </ClInclude>
    <ClInclude Include="..\..\..\addons\ofxOsc\libs\oscpack\src\ip\PacketListener.h">
      <Filter>addons\ofxOsc\libs\oscpack\src\ip</Filter>
    </ClInclude>
    <ClInclude Include="..\..\..\addons\ofxOsc\libs\oscpack\src\ip\TimerListener.h">
      <Filter>addons\ofxOsc\libs\oscpack\src\ip</Filter>
    </ClInclude>
    <ClInclude Include="..\..\..\addons\ofxOsc\libs\oscpack\src\ip\UdpSocket.h">
      <Filter>addons\ofxOsc\libs\oscpack\src\ip</Filter>
    </ClInclude>
    <ClInclude Include="..\..\..\addons\ofxOsc\libs\oscpack\src\osc\MessageMappingOscPacketListener.h">
      <Filter>addons\ofxOsc\libs\oscpack\src\osc</Filter>
    </ClInclude>
    <ClInclude Include="..\..\..\addons\ofxOsc\libs\oscpack\src\osc\OscException.h">
      <Filter>addons\ofxOsc\libs\oscpack\src\osc</Filter>
    </ClInclude>
    <ClInclude Include="..\..\..\addons\ofxOsc\libs\oscpack\src\osc\OscHostEndianness.h">
      <Filter>addons\ofxOsc\libs\oscpack\src\osc</Filter>
    </ClInclude>
    <ClInclude Include="..\..\..\addons\ofxOsc\libs\oscpack\src\osc\OscOutboundPacketStream.h">
      <Filter>addons\ofxOsc\libs\oscpack\src\osc</Filter>
    </ClInclude>
    <ClInclude Include="..\..\..\addons\ofxOsc\libs\oscpack\src\osc\OscPacketListener.h">
      <Filter>addons\ofxOsc\libs\oscpack\src\osc</Filter>
    </ClInclude>
    <ClInclude Include="..\..\..\addons\ofxOsc\libs\oscpack\src\osc\OscPrintReceivedElements.h">
      <Filter>addons\ofxOsc\libs\oscpack\src\osc</Filter>
    </ClInclude>
    <ClInclude Include="..\..\..\addons\ofxOsc\libs\oscpack\src\osc\OscReceivedElements.h">
      <Filter>addons\ofxOsc\libs\oscpack\src\osc</Filter>
    </ClInclude>
    <ClInclude Include="..\..\..\addons\ofxOsc\libs\oscpack\src\osc\OscTypes.h">
      <Filter>addons\ofxOsc\libs\oscpack\src\osc</Filter>
    </ClInclude>
    <ClInclude Include="..\..\..\addons\ofxTrueTypeFontUC\src\ofxTrueTypeFontUC.h">
      <Filter>addons\ofxTrueTypeFontUC\src</Filter>
    </ClInclude>
    <ClInclude Include="..\..\..\addons\ofxXmlSettings\src\ofxXmlSettings.h">
      <Filter>addons\ofxXmlSettings\src</Filter>
    </ClInclude>
    <ClInclude Include="..\..\..\addons\ofxXmlSettings\libs\tinyxml.h">
      <Filter>addons\ofxXmlSettings\libs</Filter>
    </ClInclude>
    <ClInclude Include="src\SceneColor.h">
      <Filter>src\scene</Filter>
    </ClInclude>
    <ClInclude Include="src\SceneHome.h">
      <Filter>src\scene</Filter>
    </ClInclude>
    <ClInclude Include="src\SceneInfo.h">
      <Filter>src\scene</Filter>
    </ClInclude>
    <ClInclude Include="src\SceneIntro.h">
      <Filter>src\scene</Filter>
    </ClInclude>
    <ClInclude Include="src\SceneName.h">
      <Filter>src\scene</Filter>
    </ClInclude>
    <ClInclude Include="src\SceneRecord.h">
      <Filter>src\scene</Filter>
    </ClInclude>
    <ClInclude Include="src\FrameTimer.h">
      <Filter>src\util</Filter>
    </ClInclude>
    <ClInclude Include="src\Parameter.h">
      <Filter>src\util</Filter>
    </ClInclude>
    <ClInclude Include="src\TextRunner.h">
      <Filter>src\util</Filter>
    </ClInclude>
    <ClInclude Include="src\SceneBase.h">
      <Filter>src\scene\basic</Filter>
    </ClInclude>
    <ClInclude Include="..\..\..\addons\ofxSQLite\src\ofxSQLiteAbstract.h">
      <Filter>addons\ofxSQLite</Filter>
    </ClInclude>
    <ClInclude Include="..\..\..\addons\ofxSQLite\src\ofxSQLiteDelete.h">
      <Filter>addons\ofxSQLite</Filter>
    </ClInclude>
    <ClInclude Include="..\..\..\addons\ofxSQLite\src\ofxSQLiteFieldValues.h">
      <Filter>addons\ofxSQLite</Filter>
    </ClInclude>
    <ClInclude Include="..\..\..\addons\ofxSQLite\src\ofxSQLiteHeaders.h">
      <Filter>addons\ofxSQLite</Filter>
    </ClInclude>
    <ClInclude Include="..\..\..\addons\ofxSQLite\src\ofxSQLiteInsert.h">
      <Filter>addons\ofxSQLite</Filter>
    </ClInclude>
    <ClInclude Include="..\..\..\addons\ofxSQLite\src\ofxSQLiteSelect.h">
      <Filter>addons\ofxSQLite</Filter>
    </ClInclude>
    <ClInclude Include="..\..\..\addons\ofxSQLite\src\ofxSQLiteSimpler.h">
      <Filter>addons\ofxSQLite</Filter>
    </ClInclude>
    <ClInclude Include="..\..\..\addons\ofxSQLite\src\ofxSQLiteType.h">
      <Filter>addons\ofxSQLite</Filter>
    </ClInclude>
    <ClInclude Include="..\..\..\addons\ofxSQLite\src\ofxSQLiteTypeNow.h">
      <Filter>addons\ofxSQLite</Filter>
    </ClInclude>
    <ClInclude Include="..\..\..\addons\ofxSQLite\src\ofxSQLiteUpdate.h">
      <Filter>addons\ofxSQLite</Filter>
    </ClInclude>
    <ClInclude Include="..\..\..\addons\ofxSQLite\src\ofxSQLiteWhere.h">
      <Filter>addons\ofxSQLite</Filter>
    </ClInclude>
    <ClInclude Include="..\..\..\addons\ofxSQLite\src\ofxSQLite.h">
      <Filter>addons\ofxSQLite</Filter>
    </ClInclude>
    <ClInclude Include="..\..\..\addons\ofxSQLite\src\lib\sqlite\sqlite3.h">
      <Filter>addons\ofxSQLite</Filter>
    </ClInclude>
    <ClInclude Include="src\keyboard\PDatabase.h">
      <Filter>src\keyboard</Filter>
    </ClInclude>
    <ClInclude Include="src\keyboard\PKeyboard.h">
      <Filter>src\keyboard</Filter>
    </ClInclude>
    <ClInclude Include="src\keyboard\PTextInput.h">
      <Filter>src\keyboard</Filter>
    </ClInclude>
  </ItemGroup>
  <ItemGroup>
    <ResourceCompile Include="icon.rc" />
  </ItemGroup>
</Project>